// !$*UTF8*$!
{
	archiveVersion = 1;
	classes = {
	};
	objectVersion = 55;
	objects = {

/* Begin PBXBuildFile section */
		14652B74284DE0F400155FB9 /* main.swift in Sources */ = {isa = PBXBuildFile; fileRef = 14652B73284DE0F400155FB9 /* main.swift */; };
/* End PBXBuildFile section */

/* Begin PBXCopyFilesBuildPhase section */
		1463C96427F6BA4E002260C1 /* CopyFiles */ = {
			isa = PBXCopyFilesBuildPhase;
			buildActionMask = 2147483647;
			dstPath = /usr/share/man/man1/;
			dstSubfolderSpec = 0;
			files = (
			);
			runOnlyForDeploymentPostprocessing = 1;
		};
/* End PBXCopyFilesBuildPhase section */

/* Begin PBXFileReference section */
		1403BD7E283677F700819018 /* 14502.swift */ = {isa = PBXFileReference; lastKnownFileType = sourcecode.swift; path = 14502.swift; sourceTree = "<group>"; };
		141900B42807E45A00D861C2 /* 1316.swift */ = {isa = PBXFileReference; lastKnownFileType = sourcecode.swift; path = 1316.swift; sourceTree = "<group>"; };
		141900B62807E94500D861C2 /* 1181.swift */ = {isa = PBXFileReference; lastKnownFileType = sourcecode.swift; path = 1181.swift; sourceTree = "<group>"; };
		141900B82807EBF700D861C2 /* 4659.swift */ = {isa = PBXFileReference; lastKnownFileType = sourcecode.swift; path = 4659.swift; sourceTree = "<group>"; };
		141900BA2807EDB000D861C2 /* 16171.swift */ = {isa = PBXFileReference; lastKnownFileType = sourcecode.swift; path = 16171.swift; sourceTree = "<group>"; };
		142BABB12823E3BC00E11289 /* 2075.swift */ = {isa = PBXFileReference; lastKnownFileType = sourcecode.swift; path = 2075.swift; sourceTree = "<group>"; };
		142BABB32824037B00E11289 /* 2696.swift */ = {isa = PBXFileReference; lastKnownFileType = sourcecode.swift; path = 2696.swift; sourceTree = "<group>"; };
		145F49D7282D302D000FF2C2 /* 4673.swift */ = {isa = PBXFileReference; lastKnownFileType = sourcecode.swift; path = 4673.swift; sourceTree = "<group>"; };
		145F49DA282D3A84000FF2C2 /* 14500.swift */ = {isa = PBXFileReference; lastKnownFileType = sourcecode.swift; path = 14500.swift; sourceTree = "<group>"; };
		1463073A28067D6F00B9CB74 /* 20154.swift */ = {isa = PBXFileReference; lastKnownFileType = sourcecode.swift; path = 20154.swift; sourceTree = "<group>"; };
		146312CE27FC502D00A6A7AF /* 22864.swift */ = {isa = PBXFileReference; lastKnownFileType = sourcecode.swift; path = 22864.swift; sourceTree = "<group>"; };
		146312D027FC574200A6A7AF /* 2960.swift */ = {isa = PBXFileReference; lastKnownFileType = sourcecode.swift; path = 2960.swift; sourceTree = "<group>"; };
		146312D427FC6A7B00A6A7AF /* 1747.swift */ = {isa = PBXFileReference; lastKnownFileType = sourcecode.swift; path = 1747.swift; sourceTree = "<group>"; wrapsLines = 0; };
		14638651281846830093FE24 /* 5597.swift */ = {isa = PBXFileReference; lastKnownFileType = sourcecode.swift; path = 5597.swift; sourceTree = "<group>"; };
		146386532818479B0093FE24 /* 21918.swift */ = {isa = PBXFileReference; lastKnownFileType = sourcecode.swift; path = 21918.swift; sourceTree = "<group>"; };
		1463865528184A4F0093FE24 /* 20546.swift */ = {isa = PBXFileReference; lastKnownFileType = sourcecode.swift; path = 20546.swift; sourceTree = "<group>"; };
		1463C96627F6BA4E002260C1 /* youtak */ = {isa = PBXFileReference; explicitFileType = "compiled.mach-o.executable"; includeInIndex = 0; path = youtak; sourceTree = BUILT_PRODUCTS_DIR; };
		1463C97127F6BB3E002260C1 /* 1110.swift */ = {isa = PBXFileReference; lastKnownFileType = sourcecode.swift; path = 1110.swift; sourceTree = "<group>"; };
		1463C97427F6C17A002260C1 /* 5618.swift */ = {isa = PBXFileReference; lastKnownFileType = sourcecode.swift; path = 5618.swift; sourceTree = "<group>"; };
		1463C97627F6C700002260C1 /* 2745.swift */ = {isa = PBXFileReference; lastKnownFileType = sourcecode.swift; path = 2745.swift; sourceTree = "<group>"; };
		1463C99627F6E2D9002260C1 /* 2609.swift */ = {isa = PBXFileReference; lastKnownFileType = sourcecode.swift; path = 2609.swift; sourceTree = "<group>"; };
		146438D2282E343700051669 /* 1260.swift */ = {isa = PBXFileReference; lastKnownFileType = sourcecode.swift; path = 1260.swift; sourceTree = "<group>"; };
		146438D4282E38E700051669 /* 2178.swift */ = {isa = PBXFileReference; lastKnownFileType = sourcecode.swift; path = 2178.swift; sourceTree = "<group>"; };
		1464F89F280FD41B006562E1 /* kmp.swift */ = {isa = PBXFileReference; lastKnownFileType = sourcecode.swift; path = kmp.swift; sourceTree = "<group>"; };
		1464F8A3280FD993006562E1 /* 1158.swift */ = {isa = PBXFileReference; lastKnownFileType = sourcecode.swift; path = 1158.swift; sourceTree = "<group>"; };
		1464FBA1281FFDD100376208 /* 11279.swift */ = {isa = PBXFileReference; lastKnownFileType = sourcecode.swift; path = 11279.swift; sourceTree = "<group>"; };
		1464FBA62820118700376208 /* 11286.swift */ = {isa = PBXFileReference; lastKnownFileType = sourcecode.swift; path = 11286.swift; sourceTree = "<group>"; };
		1464FBAA2820268F00376208 /* 19532.swift */ = {isa = PBXFileReference; lastKnownFileType = sourcecode.swift; path = 19532.swift; sourceTree = "<group>"; };
		1464FD5B28167A23000849D0 /* 1874.swift */ = {isa = PBXFileReference; lastKnownFileType = sourcecode.swift; path = 1874.swift; sourceTree = "<group>"; };
		1464FD6128168CE2000849D0 /* 1966.swift */ = {isa = PBXFileReference; lastKnownFileType = sourcecode.swift; path = 1966.swift; sourceTree = "<group>"; };
		1464FD6528169300000849D0 /* 2753.swift */ = {isa = PBXFileReference; lastKnownFileType = sourcecode.swift; path = 2753.swift; sourceTree = "<group>"; };
		1464FD67281694AE000849D0 /* 1212.swift */ = {isa = PBXFileReference; lastKnownFileType = sourcecode.swift; path = 1212.swift; sourceTree = "<group>"; };
		1464FD692816A008000849D0 /* 20053.swift */ = {isa = PBXFileReference; lastKnownFileType = sourcecode.swift; path = 20053.swift; sourceTree = "<group>"; };
		14652B73284DE0F400155FB9 /* main.swift */ = {isa = PBXFileReference; lastKnownFileType = sourcecode.swift; path = main.swift; sourceTree = "<group>"; };
		1465C21F27FB22E8008776FD /* 4134.swift */ = {isa = PBXFileReference; lastKnownFileType = sourcecode.swift; path = 4134.swift; sourceTree = "<group>"; };
		1465C22127FB24AF008776FD /* 21920.swift */ = {isa = PBXFileReference; lastKnownFileType = sourcecode.swift; path = 21920.swift; sourceTree = "<group>"; };
		1465C22327FB2A46008776FD /* 9613.swift */ = {isa = PBXFileReference; lastKnownFileType = sourcecode.swift; path = 9613.swift; sourceTree = "<group>"; };
		1465C22527FB2EF0008776FD /* 21919.swift */ = {isa = PBXFileReference; lastKnownFileType = sourcecode.swift; path = 21919.swift; sourceTree = "<group>"; };
		1466BE822814FE030080D00E /* 2164.swift */ = {isa = PBXFileReference; lastKnownFileType = sourcecode.swift; path = 2164.swift; sourceTree = "<group>"; };
		1466BE842815057E0080D00E /* 10866.swift */ = {isa = PBXFileReference; lastKnownFileType = sourcecode.swift; path = 10866.swift; sourceTree = "<group>"; };
		1466BE86281527DF0080D00E /* 1935.swift */ = {isa = PBXFileReference; lastKnownFileType = sourcecode.swift; path = 1935.swift; sourceTree = "<group>"; };
		1466BE8828152F880080D00E /* 10799.swift */ = {isa = PBXFileReference; lastKnownFileType = sourcecode.swift; path = 10799.swift; sourceTree = "<group>"; };
		1466BE8A281536880080D00E /* 2346.swift */ = {isa = PBXFileReference; lastKnownFileType = sourcecode.swift; path = 2346.swift; sourceTree = "<group>"; };
		1466BE8C281570B10080D00E /* 2504.swift */ = {isa = PBXFileReference; lastKnownFileType = sourcecode.swift; path = 2504.swift; sourceTree = "<group>"; };
		1466BE8E281578C30080D00E /* 2493.swift */ = {isa = PBXFileReference; lastKnownFileType = sourcecode.swift; path = 2493.swift; sourceTree = "<group>"; };
		1466BE9028158C460080D00E /* 2493-2.swift */ = {isa = PBXFileReference; lastKnownFileType = sourcecode.swift; path = "2493-2.swift"; sourceTree = "<group>"; };
		1466BE922815953D0080D00E /* 1918.swift */ = {isa = PBXFileReference; lastKnownFileType = sourcecode.swift; path = 1918.swift; sourceTree = "<group>"; };
		1467D2EF27F81954005C6AD6 /* 1934.swift */ = {isa = PBXFileReference; lastKnownFileType = sourcecode.swift; path = 1934.swift; sourceTree = "<group>"; };
		1467D2F427F81F72005C6AD6 /* 2581.swift */ = {isa = PBXFileReference; lastKnownFileType = sourcecode.swift; path = 2581.swift; sourceTree = "<group>"; };
		1467D2F627F8241D005C6AD6 /* 11653.swift */ = {isa = PBXFileReference; lastKnownFileType = sourcecode.swift; path = 11653.swift; sourceTree = "<group>"; };
		1467D2F827F8272A005C6AD6 /* 1978.swift */ = {isa = PBXFileReference; lastKnownFileType = sourcecode.swift; path = 1978.swift; sourceTree = "<group>"; };
		1467D2FA27F8292C005C6AD6 /* 5347.swift */ = {isa = PBXFileReference; lastKnownFileType = sourcecode.swift; path = 5347.swift; sourceTree = "<group>"; };
		14753C4528194D0700371DD0 /* 14467.swift */ = {isa = PBXFileReference; lastKnownFileType = sourcecode.swift; path = 14467.swift; sourceTree = "<group>"; };
		14753C4728194F5D00371DD0 /* 2578.swift */ = {isa = PBXFileReference; lastKnownFileType = sourcecode.swift; path = 2578.swift; sourceTree = "<group>"; };
		14753C492819542C00371DD0 /* 4396.swift */ = {isa = PBXFileReference; lastKnownFileType = sourcecode.swift; path = 4396.swift; sourceTree = "<group>"; };
		1476A8EA281AE59500F5EB83 /* 21756.swift */ = {isa = PBXFileReference; lastKnownFileType = sourcecode.swift; path = 21756.swift; sourceTree = "<group>"; };
		147715DE280E8B5300E04980 /* 20291.swift */ = {isa = PBXFileReference; lastKnownFileType = sourcecode.swift; path = 20291.swift; sourceTree = "<group>"; };
		147715E0280E9EB200E04980 /* 17609.swift */ = {isa = PBXFileReference; lastKnownFileType = sourcecode.swift; path = 17609.swift; sourceTree = "<group>"; };
		147715E2280EB0FF00E04980 /* 20437.swift */ = {isa = PBXFileReference; lastKnownFileType = sourcecode.swift; path = 20437.swift; sourceTree = "<group>"; };
		1479E6C3284324E300CED1D8 /* 12865.swift */ = {isa = PBXFileReference; lastKnownFileType = sourcecode.swift; path = 12865.swift; sourceTree = "<group>"; };
		1479E6C6284334FF00CED1D8 /* 9095.swift */ = {isa = PBXFileReference; lastKnownFileType = sourcecode.swift; path = 9095.swift; sourceTree = "<group>"; };
		1479E6C92843418200CED1D8 /* 11726.swift */ = {isa = PBXFileReference; lastKnownFileType = sourcecode.swift; path = 11726.swift; sourceTree = "<group>"; };
		147F10F0283DF8AF003C3EF2 /* 10870.swift */ = {isa = PBXFileReference; lastKnownFileType = sourcecode.swift; path = 10870.swift; sourceTree = "<group>"; };
		147F10F3283DFC4E003C3EF2 /* 2748.swift */ = {isa = PBXFileReference; lastKnownFileType = sourcecode.swift; path = 2748.swift; sourceTree = "<group>"; };
		147F10F5283DFEB3003C3EF2 /* 2156.swift */ = {isa = PBXFileReference; lastKnownFileType = sourcecode.swift; path = 2156.swift; sourceTree = "<group>"; };
		147F10F7283F409F003C3EF2 /* 1463.swift */ = {isa = PBXFileReference; lastKnownFileType = sourcecode.swift; path = 1463.swift; sourceTree = "<group>"; };
		147F10F9283F46C3003C3EF2 /* 1695.swift */ = {isa = PBXFileReference; lastKnownFileType = sourcecode.swift; path = 1695.swift; sourceTree = "<group>"; };
		147F575B2810E62400EAFBCE /* 10828.swift */ = {isa = PBXFileReference; lastKnownFileType = sourcecode.swift; path = 10828.swift; sourceTree = "<group>"; };
		147F575D2810ED1800EAFBCE /* 9012.swift */ = {isa = PBXFileReference; lastKnownFileType = sourcecode.swift; path = 9012.swift; sourceTree = "<group>"; };
		147F575F2810EEF900EAFBCE /* 18528.swift */ = {isa = PBXFileReference; lastKnownFileType = sourcecode.swift; path = 18528.swift; sourceTree = "<group>"; };
		147FE4552848732C006ED57F /* 2615.swift */ = {isa = PBXFileReference; lastKnownFileType = sourcecode.swift; path = 2615.swift; sourceTree = "<group>"; };
		148445C32832167900D92B65 /* 2667.swift */ = {isa = PBXFileReference; lastKnownFileType = sourcecode.swift; path = 2667.swift; sourceTree = "<group>"; };
		148487C2281A5B8100C479C1 /* 1913.swift */ = {isa = PBXFileReference; lastKnownFileType = sourcecode.swift; path = 1913.swift; sourceTree = "<group>"; };
		148487C4281A640100C479C1 /* 17470.swift */ = {isa = PBXFileReference; lastKnownFileType = sourcecode.swift; path = 17470.swift; sourceTree = "<group>"; };
		1496D3262801A74B00F26568 /* 3029.swift */ = {isa = PBXFileReference; lastKnownFileType = sourcecode.swift; path = 3029.swift; sourceTree = "<group>"; };
		1496D32A2801B15900F26568 /* 11720.swift */ = {isa = PBXFileReference; lastKnownFileType = sourcecode.swift; path = 11720.swift; sourceTree = "<group>"; };
		14A4B1562807F0B200274CA8 /* 6550.swift */ = {isa = PBXFileReference; lastKnownFileType = sourcecode.swift; path = 6550.swift; sourceTree = "<group>"; };
		14A4B15A280830F500274CA8 /* 9342.swift */ = {isa = PBXFileReference; lastKnownFileType = sourcecode.swift; path = 9342.swift; sourceTree = "<group>"; };
		14A4B15C280834FF00274CA8 /* 1764.swift */ = {isa = PBXFileReference; lastKnownFileType = sourcecode.swift; path = 1764.swift; sourceTree = "<group>"; };
		14B6FED2280411DC0020B33A /* 10798.swift */ = {isa = PBXFileReference; lastKnownFileType = sourcecode.swift; path = 10798.swift; sourceTree = "<group>"; };
		14B6FED428041AB60020B33A /* 9046.swift */ = {isa = PBXFileReference; lastKnownFileType = sourcecode.swift; path = 9046.swift; sourceTree = "<group>"; };
		14B701922828F373006C47CB /* 2798.swift */ = {isa = PBXFileReference; lastKnownFileType = sourcecode.swift; path = 2798.swift; sourceTree = "<group>"; };
		14B701942828F62D006C47CB /* 1065.swift */ = {isa = PBXFileReference; lastKnownFileType = sourcecode.swift; path = 1065.swift; sourceTree = "<group>"; };
		14B701962828FB1D006C47CB /* 2961.swift */ = {isa = PBXFileReference; lastKnownFileType = sourcecode.swift; path = 2961.swift; sourceTree = "<group>"; };
		14D2447C280FA59E007883AE /* 16916.swift */ = {isa = PBXFileReference; lastKnownFileType = sourcecode.swift; path = 16916.swift; sourceTree = "<group>"; };
		14EE1FCB2803FACD00C5296B /* 11365.swift */ = {isa = PBXFileReference; lastKnownFileType = sourcecode.swift; path = 11365.swift; sourceTree = "<group>"; };
/* End PBXFileReference section */

/* Begin PBXFrameworksBuildPhase section */
		1463C96327F6BA4E002260C1 /* Frameworks */ = {
			isa = PBXFrameworksBuildPhase;
			buildActionMask = 2147483647;
			files = (
			);
			runOnlyForDeploymentPostprocessing = 0;
		};
/* End PBXFrameworksBuildPhase section */

/* Begin PBXGroup section */
		1463C95D27F6BA4E002260C1 = {
			isa = PBXGroup;
			children = (
				1463C96827F6BA4E002260C1 /* youtak */,
				1463C96727F6BA4E002260C1 /* Products */,
			);
			sourceTree = "<group>";
		};
		1463C96727F6BA4E002260C1 /* Products */ = {
			isa = PBXGroup;
			children = (
				1463C96627F6BA4E002260C1 /* youtak */,
			);
			name = Products;
			sourceTree = "<group>";
		};
		1463C96827F6BA4E002260C1 /* youtak */ = {
			isa = PBXGroup;
			children = (
				14652B71284DE0D700155FB9 /* Greedy */,
				147F10F2283DF8B2003C3EF2 /* DynamicProgramming */,
				146438D1282E342F00051669 /* Graph */,
				1464FBA92820268300376208 /* BruteForce */,
				1464FD64281692EA000849D0 /* Implementation */,
				1464FBA0281FFDC100376208 /* DataStructure2 */,
				1464F8A2280FD966006562E1 /* DataStructure */,
				1496D3252801A74000F26568 /* String */,
				1463C97027F6BA6A002260C1 /* Math */,
			);
			path = youtak;
			sourceTree = "<group>";
		};
		1463C97027F6BA6A002260C1 /* Math */ = {
			isa = PBXGroup;
			children = (
				1463C97127F6BB3E002260C1 /* 1110.swift */,
				1463C97427F6C17A002260C1 /* 5618.swift */,
				1463C97627F6C700002260C1 /* 2745.swift */,
				1463C99627F6E2D9002260C1 /* 2609.swift */,
				1467D2EF27F81954005C6AD6 /* 1934.swift */,
				1467D2F427F81F72005C6AD6 /* 2581.swift */,
				1467D2F627F8241D005C6AD6 /* 11653.swift */,
				1467D2F827F8272A005C6AD6 /* 1978.swift */,
				1467D2FA27F8292C005C6AD6 /* 5347.swift */,
				1465C21F27FB22E8008776FD /* 4134.swift */,
				1465C22127FB24AF008776FD /* 21920.swift */,
				1465C22327FB2A46008776FD /* 9613.swift */,
				1465C22527FB2EF0008776FD /* 21919.swift */,
				146312CE27FC502D00A6A7AF /* 22864.swift */,
				146312D027FC574200A6A7AF /* 2960.swift */,
				146312D427FC6A7B00A6A7AF /* 1747.swift */,
			);
			path = Math;
			sourceTree = "<group>";
		};
		146438D1282E342F00051669 /* Graph */ = {
			isa = PBXGroup;
			children = (
				146438D2282E343700051669 /* 1260.swift */,
				146438D4282E38E700051669 /* 2178.swift */,
				148445C32832167900D92B65 /* 2667.swift */,
				1403BD7E283677F700819018 /* 14502.swift */,
			);
			path = Graph;
			sourceTree = "<group>";
		};
		1464F8A2280FD966006562E1 /* DataStructure */ = {
			isa = PBXGroup;
			children = (
				1464F8A3280FD993006562E1 /* 1158.swift */,
				147F575B2810E62400EAFBCE /* 10828.swift */,
				147F575D2810ED1800EAFBCE /* 9012.swift */,
				147F575F2810EEF900EAFBCE /* 18528.swift */,
				1466BE822814FE030080D00E /* 2164.swift */,
				1466BE842815057E0080D00E /* 10866.swift */,
				1464FD5B28167A23000849D0 /* 1874.swift */,
				1466BE86281527DF0080D00E /* 1935.swift */,
				1466BE8828152F880080D00E /* 10799.swift */,
				1464FD6128168CE2000849D0 /* 1966.swift */,
				1466BE8A281536880080D00E /* 2346.swift */,
				1466BE8C281570B10080D00E /* 2504.swift */,
				1466BE8E281578C30080D00E /* 2493.swift */,
				1466BE9028158C460080D00E /* 2493-2.swift */,
				1466BE922815953D0080D00E /* 1918.swift */,
			);
			path = DataStructure;
			sourceTree = "<group>";
		};
		1464FBA0281FFDC100376208 /* DataStructure2 */ = {
			isa = PBXGroup;
			children = (
				1464FBA1281FFDD100376208 /* 11279.swift */,
				1464FBA62820118700376208 /* 11286.swift */,
				142BABB12823E3BC00E11289 /* 2075.swift */,
				142BABB32824037B00E11289 /* 2696.swift */,
			);
			path = DataStructure2;
			sourceTree = "<group>";
		};
		1464FBA92820268300376208 /* BruteForce */ = {
			isa = PBXGroup;
			children = (
				1464FBAA2820268F00376208 /* 19532.swift */,
				14B701922828F373006C47CB /* 2798.swift */,
				14B701942828F62D006C47CB /* 1065.swift */,
				145F49D7282D302D000FF2C2 /* 4673.swift */,
				14B701962828FB1D006C47CB /* 2961.swift */,
				145F49DA282D3A84000FF2C2 /* 14500.swift */,
			);
			path = BruteForce;
			sourceTree = "<group>";
		};
		1464FD64281692EA000849D0 /* Implementation */ = {
			isa = PBXGroup;
			children = (
				1464FD6528169300000849D0 /* 2753.swift */,
				147FE4552848732C006ED57F /* 2615.swift */,
				1464FD67281694AE000849D0 /* 1212.swift */,
				1464FD692816A008000849D0 /* 20053.swift */,
				14638651281846830093FE24 /* 5597.swift */,
				146386532818479B0093FE24 /* 21918.swift */,
				1463865528184A4F0093FE24 /* 20546.swift */,
				14753C4528194D0700371DD0 /* 14467.swift */,
				14753C4728194F5D00371DD0 /* 2578.swift */,
				14753C492819542C00371DD0 /* 4396.swift */,
				148487C2281A5B8100C479C1 /* 1913.swift */,
				148487C4281A640100C479C1 /* 17470.swift */,
				1476A8EA281AE59500F5EB83 /* 21756.swift */,
			);
			path = Implementation;
			sourceTree = "<group>";
		};
		14652B71284DE0D700155FB9 /* Greedy */ = {
			isa = PBXGroup;
			children = (
				14652B73284DE0F400155FB9 /* main.swift */,
			);
			path = Greedy;
			sourceTree = "<group>";
		};
		147F10F2283DF8B2003C3EF2 /* DynamicProgramming */ = {
			isa = PBXGroup;
			children = (
				147F10F0283DF8AF003C3EF2 /* 10870.swift */,
				147F10F3283DFC4E003C3EF2 /* 2748.swift */,
				147F10F5283DFEB3003C3EF2 /* 2156.swift */,
				147F10F7283F409F003C3EF2 /* 1463.swift */,
				1479E6C3284324E300CED1D8 /* 12865.swift */,
				147F10F9283F46C3003C3EF2 /* 1695.swift */,
				1479E6C6284334FF00CED1D8 /* 9095.swift */,
				1479E6C92843418200CED1D8 /* 11726.swift */,
			);
			path = DynamicProgramming;
			sourceTree = "<group>";
		};
		1496D3252801A74000F26568 /* String */ = {
			isa = PBXGroup;
			children = (
				1496D3262801A74B00F26568 /* 3029.swift */,
				1496D32A2801B15900F26568 /* 11720.swift */,
				14EE1FCB2803FACD00C5296B /* 11365.swift */,
				14B6FED428041AB60020B33A /* 9046.swift */,
				14B6FED2280411DC0020B33A /* 10798.swift */,
				1463073A28067D6F00B9CB74 /* 20154.swift */,
				141900B42807E45A00D861C2 /* 1316.swift */,
				141900B62807E94500D861C2 /* 1181.swift */,
				141900B82807EBF700D861C2 /* 4659.swift */,
				141900BA2807EDB000D861C2 /* 16171.swift */,
				14A4B1562807F0B200274CA8 /* 6550.swift */,
				14A4B15A280830F500274CA8 /* 9342.swift */,
				14A4B15C280834FF00274CA8 /* 1764.swift */,
				147715DE280E8B5300E04980 /* 20291.swift */,
				147715E0280E9EB200E04980 /* 17609.swift */,
				147715E2280EB0FF00E04980 /* 20437.swift */,
				14D2447C280FA59E007883AE /* 16916.swift */,
				1464F89F280FD41B006562E1 /* kmp.swift */,
			);
			path = String;
			sourceTree = "<group>";
		};
/* End PBXGroup section */

/* Begin PBXNativeTarget section */
		1463C96527F6BA4E002260C1 /* youtak */ = {
			isa = PBXNativeTarget;
			buildConfigurationList = 1463C96D27F6BA4E002260C1 /* Build configuration list for PBXNativeTarget "youtak" */;
			buildPhases = (
				1463C96227F6BA4E002260C1 /* Sources */,
				1463C96327F6BA4E002260C1 /* Frameworks */,
				1463C96427F6BA4E002260C1 /* CopyFiles */,
			);
			buildRules = (
			);
			dependencies = (
			);
			name = youtak;
			productName = youtak;
			productReference = 1463C96627F6BA4E002260C1 /* youtak */;
			productType = "com.apple.product-type.tool";
		};
/* End PBXNativeTarget section */

/* Begin PBXProject section */
		1463C95E27F6BA4E002260C1 /* Project object */ = {
			isa = PBXProject;
			attributes = {
				BuildIndependentTargetsInParallel = 1;
				LastSwiftUpdateCheck = 1310;
				LastUpgradeCheck = 1310;
				TargetAttributes = {
					1463C96527F6BA4E002260C1 = {
						CreatedOnToolsVersion = 13.1;
						LastSwiftMigration = 1310;
					};
				};
			};
			buildConfigurationList = 1463C96127F6BA4E002260C1 /* Build configuration list for PBXProject "youtak" */;
			compatibilityVersion = "Xcode 13.0";
			developmentRegion = en;
			hasScannedForEncodings = 0;
			knownRegions = (
				en,
				Base,
			);
			mainGroup = 1463C95D27F6BA4E002260C1;
			productRefGroup = 1463C96727F6BA4E002260C1 /* Products */;
			projectDirPath = "";
			projectRoot = "";
			targets = (
				1463C96527F6BA4E002260C1 /* youtak */,
			);
		};
/* End PBXProject section */

/* Begin PBXSourcesBuildPhase section */
		1463C96227F6BA4E002260C1 /* Sources */ = {
			isa = PBXSourcesBuildPhase;
			buildActionMask = 2147483647;
			files = (
				14652B74284DE0F400155FB9 /* main.swift in Sources */,
			);
			runOnlyForDeploymentPostprocessing = 0;
		};
/* End PBXSourcesBuildPhase section */

/* Begin XCBuildConfiguration section */
		1463C96B27F6BA4E002260C1 /* Debug */ = {
			isa = XCBuildConfiguration;
			buildSettings = {
				ALWAYS_SEARCH_USER_PATHS = NO;
				CLANG_ANALYZER_NONNULL = YES;
				CLANG_ANALYZER_NUMBER_OBJECT_CONVERSION = YES_AGGRESSIVE;
				CLANG_CXX_LANGUAGE_STANDARD = "gnu++17";
				CLANG_CXX_LIBRARY = "libc++";
				CLANG_ENABLE_MODULES = YES;
				CLANG_ENABLE_OBJC_ARC = YES;
				CLANG_ENABLE_OBJC_WEAK = YES;
				CLANG_WARN_BLOCK_CAPTURE_AUTORELEASING = YES;
				CLANG_WARN_BOOL_CONVERSION = YES;
				CLANG_WARN_COMMA = YES;
				CLANG_WARN_CONSTANT_CONVERSION = YES;
				CLANG_WARN_DEPRECATED_OBJC_IMPLEMENTATIONS = YES;
				CLANG_WARN_DIRECT_OBJC_ISA_USAGE = YES_ERROR;
				CLANG_WARN_DOCUMENTATION_COMMENTS = YES;
				CLANG_WARN_EMPTY_BODY = YES;
				CLANG_WARN_ENUM_CONVERSION = YES;
				CLANG_WARN_INFINITE_RECURSION = YES;
				CLANG_WARN_INT_CONVERSION = YES;
				CLANG_WARN_NON_LITERAL_NULL_CONVERSION = YES;
				CLANG_WARN_OBJC_IMPLICIT_RETAIN_SELF = YES;
				CLANG_WARN_OBJC_LITERAL_CONVERSION = YES;
				CLANG_WARN_OBJC_ROOT_CLASS = YES_ERROR;
				CLANG_WARN_QUOTED_INCLUDE_IN_FRAMEWORK_HEADER = YES;
				CLANG_WARN_RANGE_LOOP_ANALYSIS = YES;
				CLANG_WARN_STRICT_PROTOTYPES = YES;
				CLANG_WARN_SUSPICIOUS_MOVE = YES;
				CLANG_WARN_UNGUARDED_AVAILABILITY = YES_AGGRESSIVE;
				CLANG_WARN_UNREACHABLE_CODE = YES;
				CLANG_WARN__DUPLICATE_METHOD_MATCH = YES;
				COPY_PHASE_STRIP = NO;
				DEBUG_INFORMATION_FORMAT = dwarf;
				ENABLE_STRICT_OBJC_MSGSEND = YES;
				ENABLE_TESTABILITY = YES;
				GCC_C_LANGUAGE_STANDARD = gnu11;
				GCC_DYNAMIC_NO_PIC = NO;
				GCC_NO_COMMON_BLOCKS = YES;
				GCC_OPTIMIZATION_LEVEL = 0;
				GCC_PREPROCESSOR_DEFINITIONS = (
					"DEBUG=1",
					"$(inherited)",
				);
				GCC_WARN_64_TO_32_BIT_CONVERSION = YES;
				GCC_WARN_ABOUT_RETURN_TYPE = YES_ERROR;
				GCC_WARN_UNDECLARED_SELECTOR = YES;
				GCC_WARN_UNINITIALIZED_AUTOS = YES_AGGRESSIVE;
				GCC_WARN_UNUSED_FUNCTION = YES;
				GCC_WARN_UNUSED_VARIABLE = YES;
				MACOSX_DEPLOYMENT_TARGET = 11.4;
				MTL_ENABLE_DEBUG_INFO = INCLUDE_SOURCE;
				MTL_FAST_MATH = YES;
				ONLY_ACTIVE_ARCH = YES;
				SDKROOT = macosx;
				SWIFT_ACTIVE_COMPILATION_CONDITIONS = DEBUG;
				SWIFT_OPTIMIZATION_LEVEL = "-Onone";
			};
			name = Debug;
		};
		1463C96C27F6BA4E002260C1 /* Release */ = {
			isa = XCBuildConfiguration;
			buildSettings = {
				ALWAYS_SEARCH_USER_PATHS = NO;
				CLANG_ANALYZER_NONNULL = YES;
				CLANG_ANALYZER_NUMBER_OBJECT_CONVERSION = YES_AGGRESSIVE;
				CLANG_CXX_LANGUAGE_STANDARD = "gnu++17";
				CLANG_CXX_LIBRARY = "libc++";
				CLANG_ENABLE_MODULES = YES;
				CLANG_ENABLE_OBJC_ARC = YES;
				CLANG_ENABLE_OBJC_WEAK = YES;
				CLANG_WARN_BLOCK_CAPTURE_AUTORELEASING = YES;
				CLANG_WARN_BOOL_CONVERSION = YES;
				CLANG_WARN_COMMA = YES;
				CLANG_WARN_CONSTANT_CONVERSION = YES;
				CLANG_WARN_DEPRECATED_OBJC_IMPLEMENTATIONS = YES;
				CLANG_WARN_DIRECT_OBJC_ISA_USAGE = YES_ERROR;
				CLANG_WARN_DOCUMENTATION_COMMENTS = YES;
				CLANG_WARN_EMPTY_BODY = YES;
				CLANG_WARN_ENUM_CONVERSION = YES;
				CLANG_WARN_INFINITE_RECURSION = YES;
				CLANG_WARN_INT_CONVERSION = YES;
				CLANG_WARN_NON_LITERAL_NULL_CONVERSION = YES;
				CLANG_WARN_OBJC_IMPLICIT_RETAIN_SELF = YES;
				CLANG_WARN_OBJC_LITERAL_CONVERSION = YES;
				CLANG_WARN_OBJC_ROOT_CLASS = YES_ERROR;
				CLANG_WARN_QUOTED_INCLUDE_IN_FRAMEWORK_HEADER = YES;
				CLANG_WARN_RANGE_LOOP_ANALYSIS = YES;
				CLANG_WARN_STRICT_PROTOTYPES = YES;
				CLANG_WARN_SUSPICIOUS_MOVE = YES;
				CLANG_WARN_UNGUARDED_AVAILABILITY = YES_AGGRESSIVE;
				CLANG_WARN_UNREACHABLE_CODE = YES;
				CLANG_WARN__DUPLICATE_METHOD_MATCH = YES;
				COPY_PHASE_STRIP = NO;
				DEBUG_INFORMATION_FORMAT = "dwarf-with-dsym";
				ENABLE_NS_ASSERTIONS = NO;
				ENABLE_STRICT_OBJC_MSGSEND = YES;
				GCC_C_LANGUAGE_STANDARD = gnu11;
				GCC_NO_COMMON_BLOCKS = YES;
				GCC_WARN_64_TO_32_BIT_CONVERSION = YES;
				GCC_WARN_ABOUT_RETURN_TYPE = YES_ERROR;
				GCC_WARN_UNDECLARED_SELECTOR = YES;
				GCC_WARN_UNINITIALIZED_AUTOS = YES_AGGRESSIVE;
				GCC_WARN_UNUSED_FUNCTION = YES;
				GCC_WARN_UNUSED_VARIABLE = YES;
				MACOSX_DEPLOYMENT_TARGET = 11.4;
				MTL_ENABLE_DEBUG_INFO = NO;
				MTL_FAST_MATH = YES;
				SDKROOT = macosx;
				SWIFT_COMPILATION_MODE = wholemodule;
				SWIFT_OPTIMIZATION_LEVEL = "-O";
			};
			name = Release;
		};
		1463C96E27F6BA4E002260C1 /* Debug */ = {
			isa = XCBuildConfiguration;
			buildSettings = {
				CLANG_ENABLE_MODULES = YES;
				CODE_SIGN_STYLE = Automatic;
				DEVELOPMENT_TEAM = YK6FBNFSV5;
				ENABLE_HARDENED_RUNTIME = YES;
				LD_RUNPATH_SEARCH_PATHS = (
					"$(inherited)",
					"@executable_path/../Frameworks",
					"@loader_path/../Frameworks",
				);
				PRODUCT_NAME = "$(TARGET_NAME)";
				SWIFT_OPTIMIZATION_LEVEL = "-Onone";
				SWIFT_VERSION = 5.0;
			};
			name = Debug;
		};
		1463C96F27F6BA4E002260C1 /* Release */ = {
			isa = XCBuildConfiguration;
			buildSettings = {
				CLANG_ENABLE_MODULES = YES;
				CODE_SIGN_STYLE = Automatic;
				DEVELOPMENT_TEAM = YK6FBNFSV5;
				ENABLE_HARDENED_RUNTIME = YES;
				LD_RUNPATH_SEARCH_PATHS = (
					"$(inherited)",
					"@executable_path/../Frameworks",
					"@loader_path/../Frameworks",
				);
				PRODUCT_NAME = "$(TARGET_NAME)";
				SWIFT_VERSION = 5.0;
			};
			name = Release;
		};
/* End XCBuildConfiguration section */

/* Begin XCConfigurationList section */
		1463C96127F6BA4E002260C1 /* Build configuration list for PBXProject "youtak" */ = {
			isa = XCConfigurationList;
			buildConfigurations = (
				1463C96B27F6BA4E002260C1 /* Debug */,
				1463C96C27F6BA4E002260C1 /* Release */,
			);
			defaultConfigurationIsVisible = 0;
			defaultConfigurationName = Release;
		};
		1463C96D27F6BA4E002260C1 /* Build configuration list for PBXNativeTarget "youtak" */ = {
			isa = XCConfigurationList;
			buildConfigurations = (
				1463C96E27F6BA4E002260C1 /* Debug */,
				1463C96F27F6BA4E002260C1 /* Release */,
			);
			defaultConfigurationIsVisible = 0;
			defaultConfigurationName = Release;
		};
/* End XCConfigurationList section */
	};
	rootObject = 1463C95E27F6BA4E002260C1 /* Project object */;
}
